
Microsoft Visual Studio Solution File, Format Version 10.00
# Visual Studio 2008
Project("{FAE04EC0-301F-11D3-BF4B-00C04F79EFBC}") = "gtkzbar-cil", "gtkzbar-cil\gtkzbar-cil.csproj", "{71D20483-891A-4C5C-9B59-CCADB7AEE559}"
EndProject
Project("{FAE04EC0-301F-11D3-BF4B-00C04F79EFBC}") = "libzbar-cil", "libzbar-cil\libzbar-cil.csproj", "{58D63AA2-59A3-4E02-B833-819727FA8CEE}"
EndProject
Project("{2150E333-8FDC-42A3-9474-1A3956D46DE8}") = "example", "example", "{E10E1933-003B-4E0E-8B58-A88E4CA36670}"
EndProject
Project("{FAE04EC0-301F-11D3-BF4B-00C04F79EFBC}") = "bmp-scanner", "example\bmp-scanner\bmp-scanner.csproj", "{0DEB2082-ECDC-4728-BC26-CFB6EB5FADAB}"
EndProject
Project("{FAE04EC0-301F-11D3-BF4B-00C04F79EFBC}") = "gtk-scanner", "example\gtk-scanner\gtk-scanner.csproj", "{A7EB2EBD-8B47-4470-867C-168DCBDC7E2E}"
EndProject
Global
	GlobalSection(SolutionConfigurationPlatforms) = preSolution
		Debug|Any CPU = Debug|Any CPU
		Release|Any CPU = Release|Any CPU
	EndGlobalSection
	GlobalSection(ProjectConfigurationPlatforms) = postSolution
		{0DEB2082-ECDC-4728-BC26-CFB6EB5FADAB}.Debug|Any CPU.ActiveCfg = Debug|Any CPU
		{0DEB2082-ECDC-4728-BC26-CFB6EB5FADAB}.Debug|Any CPU.Build.0 = Debug|Any CPU
		{0DEB2082-ECDC-4728-BC26-CFB6EB5FADAB}.Release|Any CPU.ActiveCfg = Release|Any CPU
		{0DEB2082-ECDC-4728-BC26-CFB6EB5FADAB}.Release|Any CPU.Build.0 = Release|Any CPU
		{58D63AA2-59A3-4E02-B833-819727FA8CEE}.Debug|Any CPU.ActiveCfg = Debug|Any CPU
		{58D63AA2-59A3-4E02-B833-819727FA8CEE}.Debug|Any CPU.Build.0 = Debug|Any CPU
		{58D63AA2-59A3-4E02-B833-819727FA8CEE}.Release|Any CPU.ActiveCfg = Release|Any CPU
		{58D63AA2-59A3-4E02-B833-819727FA8CEE}.Release|Any CPU.Build.0 = Release|Any CPU
		{71D20483-891A-4C5C-9B59-CCADB7AEE559}.Debug|Any CPU.ActiveCfg = Debug|Any CPU
		{71D20483-891A-4C5C-9B59-CCADB7AEE559}.Debug|Any CPU.Build.0 = Debug|Any CPU
		{71D20483-891A-4C5C-9B59-CCADB7AEE559}.Release|Any CPU.ActiveCfg = Release|Any CPU
		{71D20483-891A-4C5C-9B59-CCADB7AEE559}.Release|Any CPU.Build.0 = Release|Any CPU
		{A7EB2EBD-8B47-4470-867C-168DCBDC7E2E}.Debug|Any CPU.ActiveCfg = Debug|Any CPU
		{A7EB2EBD-8B47-4470-867C-168DCBDC7E2E}.Debug|Any CPU.Build.0 = Debug|Any CPU
		{A7EB2EBD-8B47-4470-867C-168DCBDC7E2E}.Release|Any CPU.ActiveCfg = Release|Any CPU
		{A7EB2EBD-8B47-4470-867C-168DCBDC7E2E}.Release|Any CPU.Build.0 = Release|Any CPU
	EndGlobalSection
	GlobalSection(NestedProjects) = preSolution
		{0DEB2082-ECDC-4728-BC26-CFB6EB5FADAB} = {E10E1933-003B-4E0E-8B58-A88E4CA36670}
		{A7EB2EBD-8B47-4470-867C-168DCBDC7E2E} = {E10E1933-003B-4E0E-8B58-A88E4CA36670}
	EndGlobalSection
	GlobalSection(MonoDevelopProperties) = preSolution
		version = 0.1
		StartupItem = example\bmp-scanner\bmp-scanner.csproj
	EndGlobalSection
EndGlobal
